
// !$*UTF8*$!
{
    archiveVersion = 1;
    classes = {
    };
    objectVersion = 56;
    objects = {
        /* Begin PBXBuildFile section */
        13B07FBC1A68108700A75B9A /* AppDelegate.swift in Sources */ = {isa = PBXBuildFile; fileRef = 13B07FB01A68108700A75B9A /* AppDelegate.swift */; };
        13B07FC11A68108700A75B9A /* main.m in Sources */ = {isa = PBXBuildFile; fileRef = 13B07FB71A68108700A75B9A /* main.m */; };
        /* End PBXBuildFile section */
        
        /* Begin PBXFileReference section */
        13B07F961A680F5B00A75B9A /* MaternityWellness.app */ = {isa = PBXFileReference; explicitFileType = wrapper.application; includeInIndex = 0; path = MaternityWellness.app; sourceTree = BUILT_PRODUCTS_DIR; };
        13B07FB01A68108700A75B9A /* AppDelegate.swift */ = {isa = PBXFileReference; fileEncoding = 4; lastKnownFileType = sourcecode.swift; name = AppDelegate.swift; path = MaternityWellness/AppDelegate.swift; sourceTree = "<group>"; };
        13B07FB71A68108700A75B9A /* main.m */ = {isa = PBXFileReference; fileEncoding = 4; lastKnownFileType = sourcecode.c.objc; name = main.m; path = MaternityWellness/main.m; sourceTree = "<group>"; };
        /* End PBXFileReference section */
        
        /* Begin PBXFrameworksBuildPhase section */
        13B07F8C1A680F5B00A75B9A /* Frameworks */ = {
            isa = PBXFrameworksBuildPhase;
            buildActionMask = 2147483647;
            files = (
            );
            runOnlyForDeploymentPostprocessing = 0;
        };
        /* End PBXFrameworksBuildPhase section */
        
        /* Begin PBXGroup section */
        83CBB9F61A601CBA00E9B192 = {
            isa = PBXGroup;
            children = (
                13B07FB01A68108700A75B9A /* AppDelegate.swift */,
                13B07FB71A68108700A75B9A /* main.m */,
            );
            indentWidth = 2;
            sourceTree = "<group>";
            tabWidth = 2;
            usesTabs = 0;
        };
        /* End PBXGroup section */
        
        /* Begin PBXNativeTarget section */
        13B07F861A680F5B00A75B9A /* MaternityWellness */ = {
            isa = PBXNativeTarget;
            buildConfigurationList = 13B07F931A680F5B00A75B9A /* Build configuration list for PBXNativeTarget "MaternityWellness" */;
            buildPhases = (
                13B07F8C1A680F5B00A75B9A /* Frameworks */,
            );
            buildRules = (
            );
            dependencies = (
            );
            name = MaternityWellness;
            productName = MaternityWellness;
            productReference = 13B07F961A680F5B00A75B9A /* MaternityWellness.app */;
            productType = "com.apple.product-type.application";
        };
        /* End PBXNativeTarget section */
        
        /* Begin XCBuildConfiguration section */
        13B07F941A680F5B00A75B9A /* Debug */ = {
            isa = XCBuildConfiguration;
            buildSettings = {
                ASSETCATALOG_COMPILER_APPICON_NAME = AppIcon;
                CURRENT_PROJECT_VERSION = 1;
                ENABLE_BITCODE = NO;
                INFOPLIST_FILE = MaternityWellness/Info.plist;
                LD_RUNPATH_SEARCH_PATHS = (
                    "$(inherited)",
                    "@executable_path/Frameworks",
                );
                OTHER_LDFLAGS = (
                    "$(inherited)",
                    "-ObjC",
                    "-lc++",
                );
                PRODUCT_BUNDLE_IDENTIFIER = "org.reactjs.native.example.$(PRODUCT_NAME:rfc1034identifier)";
                PRODUCT_NAME = MaternityWellness;
                SWIFT_OPTIMIZATION_LEVEL = "-Onone";
                SWIFT_VERSION = 5.0;
                VERSIONING_SYSTEM = "apple-generic";
            };
            name = Debug;
        };
        /* End XCBuildConfiguration section */
        
        /* Begin XCConfigurationList section */
        13B07F931A680F5B00A75B9A /* Build configuration list for PBXNativeTarget "MaternityWellness" */ = {
            isa = XCConfigurationList;
            buildConfigurations = (
                13B07F941A680F5B00A75B9A /* Debug */,
            );
            defaultConfigurationIsVisible = 0;
            defaultConfigurationName = Debug;
        };
        /* End XCConfigurationList section */
    };
    rootObject = 83CBB9F61A601CBA00E9B192 /* Project object */;
}
