// !$*UTF8*$!
{
	archiveVersion = 1;
	classes = {
	};
	objectVersion = 56;
	objects = {

/* Begin PBXBuildFile section */
		7A1D2A1F2BAB3A5C00E4F9A9 /* MaternityWellnessApp.swift in Sources */ = {isa = PBXBuildFile; fileRef = 7A1D2A1E2BAB3A5C00E4F9A9 /* MaternityWellnessApp.swift */; };
		7A1D2A212BAB3A5C00E4F9A9 /* ContentView.swift in Sources */ = {isa = PBXBuildFile; fileRef = 7A1D2A202BAB3A5C00E4F9A9 /* ContentView.swift */; };
		7A1D2A232BAB3A5E00E4F9A9 /* Assets.xcassets in Resources */ = {isa = PBXBuildFile; fileRef = 7A1D2A222BAB3A5E00E4F9A9 /* Assets.xcassets */; };
		7A1D2A262BAB3A5E00E4F9A9 /* Preview Assets.xcassets in Resources */ = {isa = PBXBuildFile; fileRef = 7A1D2A252BAB3A5E00E4F9A9 /* Preview Assets.xcassets */; };
		7A1D2A2D2BAB3A8900E4F9A9 /* LoginView.swift in Sources */ = {isa = PBXBuildFile; fileRef = 7A1D2A2C2BAB3A8900E4F9A9 /* LoginView.swift */; };
		7A1D2A2F2BAB3A9600E4F9A9 /* MainTabView.swift in Sources */ = {isa = PBXBuildFile; fileRef = 7A1D2A2E2BAB3A9600E4F9A9 /* MainTabView.swift */; };
		7A1D2A312BAB3AA300E4F9A9 /* HomeView.swift in Sources */ = {isa = PBXBuildFile; fileRef = 7A1D2A302BAB3AA300E4F9A9 /* HomeView.swift */; };
		7A1D2A332BAB3AAE00E4F9A9 /* MoodTrackerView.swift in Sources */ = {isa = PBXBuildFile; fileRef = 7A1D2A322BAB3AAE00E4F9A9 /* MoodTrackerView.swift */; };
		7A1D2A352BAB3ABA00E4F9A9 /* AssessmentView.swift in Sources */ = {isa = PBXBuildFile; fileRef = 7A1D2A342BAB3ABA00E4F9A9 /* AssessmentView.swift */; };
		7A1D2A372BAB3AC500E4F9A9 /* QuestionnaireView.swift in Sources */ = {isa = PBXBuildFile; fileRef = 7A1D2A362BAB3AC500E4F9A9 /* QuestionnaireView.swift */; };
		7A1D2A392BAB3AD000E4F9A9 /* ResourcesView.swift in Sources */ = {isa = PBXBuildFile; fileRef = 7A1D2A382BAB3AD000E4F9A9 /* ResourcesView.swift */; };
/* End PBXBuildFile section */

/* Begin PBXFileReference section */
		7A1D2A1B2BAB3A5C00E4F9A9 /* MaternityWellnessUI.app */ = {isa = PBXFileReference; explicitFileType = wrapper.application; includeInIndex = 0; path = MaternityWellnessUI.app; sourceTree = BUILT_PRODUCTS_DIR; };
		7A1D2A1E2BAB3A5C00E4F9A9 /* MaternityWellnessApp.swift */ = {isa = PBXFileReference; lastKnownFileType = sourcecode.swift; path = MaternityWellnessApp.swift; sourceTree = "<group>"; };
		7A1D2A202BAB3A5C00E4F9A9 /* ContentView.swift */ = {isa = PBXFileReference; lastKnownFileType = sourcecode.swift; path = ContentView.swift; sourceTree = "<group>"; };
		7A1D2A222BAB3A5E00E4F9A9 /* Assets.xcassets */ = {isa = PBXFileReference; lastKnownFileType = folder.assetcatalog; path = Assets.xcassets; sourceTree = "<group>"; };
		7A1D2A252BAB3A5E00E4F9A9 /* Preview Assets.xcassets */ = {isa = PBXFileReference; lastKnownFileType = folder.assetcatalog; path = "Preview Assets.xcassets"; sourceTree = "<group>"; };
		7A1D2A2C2BAB3A8900E4F9A9 /* LoginView.swift */ = {isa = PBXFileReference; lastKnownFileType = sourcecode.swift; path = LoginView.swift; sourceTree = "<group>"; };
		7A1D2A2E2BAB3A9600E4F9A9 /* MainTabView.swift */ = {isa = PBXFileReference; lastKnownFileType = sourcecode.swift; path = MainTabView.swift; sourceTree = "<group>"; };
		7A1D2A302BAB3AA300E4F9A9 /* HomeView.swift */ = {isa = PBXFileReference; lastKnownFileType = sourcecode.swift; path = HomeView.swift; sourceTree = "<group>"; };
		7A1D2A322BAB3AAE00E4F9A9 /* MoodTrackerView.swift */ = {isa = PBXFileReference; lastKnownFileType = sourcecode.swift; path = MoodTrackerView.swift; sourceTree = "<group>"; };
		7A1D2A342BAB3ABA00E4F9A9 /* AssessmentView.swift */ = {isa = PBXFileReference; lastKnownFileType = sourcecode.swift; path = AssessmentView.swift; sourceTree = "<group>"; };
		7A1D2A362BAB3AC500E4F9A9 /* QuestionnaireView.swift */ = {isa = PBXFileReference; lastKnownFileType = sourcecode.swift; path = QuestionnaireView.swift; sourceTree = "<group>"; };
		7A1D2A382BAB3AD000E4F9A9 /* ResourcesView.swift */ = {isa = PBXFileReference; lastKnownFileType = sourcecode.swift; path = ResourcesView.swift; sourceTree = "<group>"; };
/* End PBXFileReference section */

/* Begin PBXFrameworksBuildPhase section */
		7A1D2A182BAB3A5C00E4F9A9 /* Frameworks */ = {
			isa = PBXFrameworksBuildPhase;
			buildActionMask = 2147483647;
			files = (
			);
			runOnlyForDeploymentPostprocessing = 0;
		};
/* End PBXFrameworksBuildPhase section */

/* Begin PBXGroup section */
		7A1D2A122BAB3A5C00E4F9A9 = {
			isa = PBXGroup;
			children = (
				7A1D2A1D2BAB3A5C00E4F9A9 /* MaternityWellnessUI */,
				7A1D2A1C2BAB3A5C00E4F9A9 /* Products */,
			);
			sourceTree = "<group>";
		};
		7A1D2A1C2BAB3A5C00E4F9A9 /* Products */ = {
			isa = PBXGroup;
			children = (
				7A1D2A1B2BAB3A5C00E4F9A9 /* MaternityWellnessUI.app */,
			);
			name = Products;
			sourceTree = "<group>";
		};
		7A1D2A1D2BAB3A5C00E4F9A9 /* MaternityWellnessUI */ = {
			isa = PBXGroup;
			children = (
				7A1D2A1E2BAB3A5C00E4F9A9 /* MaternityWellnessApp.swift */,
				7A1D2A202BAB3A5C00E4F9A9 /* ContentView.swift */,
				7A1D2A2C2BAB3A8900E4F9A9 /* LoginView.swift */,
				7A1D2A2E2BAB3A9600E4F9A9 /* MainTabView.swift */,
				7A1D2A302BAB3AA300E4F9A9 /* HomeView.swift */,
				7A1D2A322BAB3AAE00E4F9A9 /* MoodTrackerView.swift */,
				7A1D2A342BAB3ABA00E4F9A9 /* AssessmentView.swift */,
				7A1D2A362BAB3AC500E4F9A9 /* QuestionnaireView.swift */,
				7A1D2A382BAB3AD000E4F9A9 /* ResourcesView.swift */,
				7A1D2A222BAB3A5E00E4F9A9 /* Assets.xcassets */,
				7A1D2A242BAB3A5E00E4F9A9 /* Preview Content */,
			);
			path = MaternityWellnessUI;
			sourceTree = "<group>";
		};
		7A1D2A242BAB3A5E00E4F9A9 /* Preview Content */ = {
			isa = PBXGroup;
			children = (
				7A1D2A252BAB3A5E00E4F9A9 /* Preview Assets.xcassets */,
			);
			path = "Preview Content";
			sourceTree = "<group>";
		};
/* End PBXGroup section */

/* Begin PBXNativeTarget section */
		7A1D2A1A2BAB3A5C00E4F9A9 /* MaternityWellnessUI */ = {
			isa = PBXNativeTarget;
			buildConfigurationList = 7A1D2A292BAB3A5E00E4F9A9 /* Build configuration list for PBXNativeTarget "MaternityWellnessUI" */;
			buildPhases = (
				7A1D2A172BAB3A5C00E4F9A9 /* Sources */,
				7A1D2A182BAB3A5C00E4F9A9 /* Frameworks */,
				7A1D2A192BAB3A5C00E4F9A9 /* Resources */,
			);
			buildRules = (
			);
			dependencies = (
			);
			name = MaternityWellnessUI;
			productName = MaternityWellnessUI;
			productReference = 7A1D2A1B2BAB3A5C00E4F9A9 /* MaternityWellnessUI.app */;
			productType = "com.apple.product-type.application";
		};
/* End PBXNativeTarget section */

/* Begin PBXProject section */
		7A1D2A132BAB3A5C00E4F9A9 /* Project object */ = {
			isa = PBXProject;
			attributes = {
				BuildIndependentTargetsInParallel = 1;
				LastSwiftUpdateCheck = 1530;
				LastUpgradeCheck = 1530;
				TargetAttributes = {
					7A1D2A1A2BAB3A5C00E4F9A9 = {
						CreatedOnToolsVersion = 15.3;
					};
				};
			};
			buildConfigurationList = 7A1D2A162BAB3A5C00E4F9A9 /* Build configuration list for PBXProject "MaternityWellnessUI" */;
			compatibilityVersion = "Xcode 14.0";
			developmentRegion = en;
			hasScannedForEncodings = 0;
			knownRegions = (
				en,
				Base,
			);
			mainGroup = 7A1D2A122BAB3A5C00E4F9A9;
			productRefGroup = 7A1D2A1C2BAB3A5C00E4F9A9 /* Products */;
			projectDirPath = "";
			projectRoot = "";
			targets = (
				7A1D2A1A2BAB3A5C00E4F9A9 /* MaternityWellnessUI */,
			);
		};
/* End PBXProject section */

/* Begin PBXResourcesBuildPhase section */
		7A1D2A192BAB3A5C00E4F9A9 /* Resources */ = {
			isa = PBXResourcesBuildPhase;
			buildActionMask = 2147483647;
			files = (
				7A1D2A262BAB3A5E00E4F9A9 /* Preview Assets.xcassets in Resources */,
				7A1D2A232BAB3A5E00E4F9A9 /* Assets.xcassets in Resources */,
			);
			runOnlyForDeploymentPostprocessing = 0;
		};
/* End PBXResourcesBuildPhase section */

/* Begin PBXSourcesBuildPhase section */
		7A1D2A172BAB3A5C00E4F9A9 /* Sources */ = {
			isa = PBXSourcesBuildPhase;
			buildActionMask = 2147483647;
			files = (
				7A1D2A2D2BAB3A8900E4F9A9 /* LoginView.swift in Sources */,
				7A1D2A392BAB3AD000E4F9A9 /* ResourcesView.swift in Sources */,
				7A1D2A2F2BAB3A9600E4F9A9 /* MainTabView.swift in Sources */,
				7A1D2A212BAB3A5C00E4F9A9 /* ContentView.swift in Sources */,
				7A1D2A372BAB3AC500E4F9A9 /* QuestionnaireView.swift in Sources */,
				7A1D2A332BAB3AAE00E4F9A9 /* MoodTrackerView.swift in Sources */,
				7A1D2A1F2BAB3A5C00E4F9A9 /* MaternityWellnessApp.swift in Sources */,
				7A1D2A352BAB3ABA00E4F9A9 /* AssessmentView.swift in Sources */,
				7A1D2A312BAB3AA300E4F9A9 /* HomeView.swift in Sources */,
			);
			runOnlyForDeploymentPostprocessing = 0;
		};
/* End PBXSourcesBuildPhase section */

/* Begin XCBuildConfiguration section */
		7A1D2A272BAB3A5E00E4F9A9 /* Debug */ = {
			isa = XCBuildConfiguration;
			buildSettings = {
				ALWAYS_SEARCH_USER_PATHS = NO;
				ASSETCATALOG_COMPILER_GENERATE_SWIFT_ASSET_SYMBOL_EXTENSIONS = YES;
				CLANG_ANALYZER_NONNULL = YES;
				CLANG_ANALYZER_NUMBER_OBJECT_CONVERSION = YES_AGGRESSIVE;
				CLANG_CXX_LANGUAGE_STANDARD = "gnu++20";
				CLANG_ENABLE_MODULES = YES;
				CLANG_ENABLE_OBJC_ARC = YES;
				CLANG_ENABLE_OBJC_WEAK = YES;
				CLANG_WARN_BLOCK_CAPTURE_AUTORELEASING = YES;
				CLANG_WARN_BOOL_CONVERSION = YES;
				CLANG_WARN_COMMA = YES;
				CLANG_WARN_CONSTANT_CONVERSION = YES;
				CLANG_WARN_DEPRECATED_OBJC_IMPLEMENTATIONS = YES;
				CLANG_WARN_DIRECT_OBJC_ISA_USAGE = YES_ERROR;
				CLANG_WARN_DOCUMENTATION_COMMENTS = YES;
				CLANG_WARN_EMPTY_BODY = YES;
				CLANG_WARN_ENUM_CONVERSION = YES;
				CLANG_WARN_INFINITE_RECURSION = YES;
				CLANG_WARN_INT_CONVERSION = YES;
				CLANG_WARN_NON_LITERAL_NULL_CONVERSION = YES;
				CLANG_WARN_OBJC_IMPLICIT_RETAIN_SELF = YES;
				CLANG_WARN_OBJC_LITERAL_CONVERSION = YES;
				CLANG_WARN_OBJC_ROOT_CLASS = YES_ERROR;
				CLANG_WARN_QUOTED_INCLUDE_IN_FRAMEWORK_HEADER = YES;
				CLANG_WARN_RANGE_LOOP_ANALYSIS = YES;
				CLANG_WARN_STRICT_PROTOTYPES = YES;
				CLANG_WARN_SUSPICIOUS_MOVE = YES;
				CLANG_WARN_UNGUARDED_AVAILABILITY = YES_AGGRESSIVE;
				CLANG_WARN_UNREACHABLE_CODE = YES;
				CLANG_WARN__DUPLICATE_METHOD_MATCH = YES;
				COPY_PHASE_STRIP = NO;
				DEBUG_INFORMATION_FORMAT = dwarf;
				ENABLE_STRICT_OBJC_MSGSEND = YES;
				ENABLE_TESTABILITY = YES;
				ENABLE_USER_SCRIPT_SANDBOXING = YES;
				GCC_C_LANGUAGE_STANDARD = gnu17;
				GCC_DYNAMIC_NO_PIC = NO;
				GCC_NO_COMMON_BLOCKS = YES;
				GCC_OPTIMIZATION_LEVEL = 0;
				GCC_PREPROCESSOR_DEFINITIONS = (
					"DEBUG=1",
					"$(inherited)",
				);
				GCC_WARN_64_TO_32_BIT_CONVERSION = YES;
				GCC_WARN_ABOUT_RETURN_TYPE = YES_ERROR;
				GCC_WARN_UNDECLARED_SELECTOR = YES;
				GCC_WARN_UNINITIALIZED_AUTOS = YES_AGGRESSIVE;
				GCC_WARN_UNUSED_FUNCTION = YES;
				GCC_WARN_UNUSED_VARIABLE = YES;
				IPHONEOS_DEPLOYMENT_TARGET = 17.0;
				LOCALIZATION_PREFERS_STRING_CATALOGS = YES;
				MTL_ENABLE_DEBUG_INFO = INCLUDE_SOURCE;
				MTL_FAST_MATH = YES;
				ONLY_ACTIVE_ARCH = YES;
				SDKROOT = iphoneos;
				SWIFT_ACTIVE_COMPILATION_CONDITIONS = "DEBUG $(inherited)";
				SWIFT_OPTIMIZATION_LEVEL = "-Onone";
			};
			name = Debug;
		};
		7A1D2A282BAB3A5E00E4F9A9 /* Release */ = {
			isa = XCBuildConfiguration;
			buildSettings = {
				ALWAYS_SEARCH_USER_PATHS = NO;
				ASSETCATALOG_COMPILER_GENERATE_SWIFT_ASSET_SYMBOL_EXTENSIONS = YES;
				CLANG_ANALYZER_NONNULL = YES;
				CLANG_ANALYZER_NUMBER_OBJECT_CONVERSION = YES_AGGRESSIVE;
				CLANG_CXX_LANGUAGE_STANDARD = "gnu++20";
				CLANG_ENABLE_MODULES = YES;
				CLANG_ENABLE_OBJC_ARC = YES;
				CLANG_ENABLE_OBJC_WEAK = YES;
				CLANG_WARN_BLOCK_CAPTURE_AUTORELEASING = YES;
				CLANG_WARN_BOOL_CONVERSION = YES;
				CLANG_WARN_COMMA = YES;
				CLANG_WARN_CONSTANT_CONVERSION = YES;
				CLANG_WARN_DEPRECATED_OBJC_IMPLEMENTATIONS = YES;
				CLANG_WARN_DIRECT_OBJC_ISA_USAGE = YES_ERROR;
				CLANG_WARN_DOCUMENTATION_COMMENTS = YES;
				CLANG_WARN_EMPTY_BODY = YES;
				CLANG_WARN_ENUM_CONVERSION = YES;
				CLANG_WARN_INFINITE_RECURSION = YES;
				CLANG_WARN_INT_CONVERSION = YES;
				CLANG_WARN_NON_LITERAL_NULL_CONVERSION = YES;
				CLANG_WARN_OBJC_IMPLICIT_RETAIN_SELF = YES;
				CLANG_WARN_OBJC_LITERAL_CONVERSION = YES;
				CLANG_WARN_OBJC_ROOT_CLASS = YES_ERROR;
				CLANG_WARN_QUOTED_INCLUDE_IN_FRAMEWORK_HEADER = YES;
				CLANG_WARN_RANGE_LOOP_ANALYSIS = YES;
				CLANG_WARN_STRICT_PROTOTYPES = YES;
				CLANG_WARN_SUSPICIOUS_MOVE = YES;
				CLANG_WARN_UNGUARDED_AVAILABILITY = YES_AGGRESSIVE;
				CLANG_WARN_UNREACHABLE_CODE = YES;
				CLANG_WARN__DUPLICATE_METHOD_MATCH = YES;
				COPY_PHASE_STRIP = NO;
				DEBUG_INFORMATION_FORMAT = "dwarf-with-dsym";
				ENABLE_NS_ASSERTIONS = NO;
				ENABLE_STRICT_OBJC_MSGSEND = YES;
				ENABLE_USER_SCRIPT_SANDBOXING = YES;
				GCC_C_LANGUAGE_STANDARD = gnu17;
				GCC_NO_COMMON_BLOCKS = YES;
				GCC_WARN_64_TO_32_BIT_CONVERSION = YES;
				GCC_WARN_ABOUT_RETURN_TYPE = YES_ERROR;
				GCC_WARN_UNDECLARED_SELECTOR = YES;
				GCC_WARN_UNINITIALIZED_AUTOS = YES_AGGRESSIVE;
				GCC_WARN_UNUSED_FUNCTION = YES;
				GCC_WARN_UNUSED_VARIABLE = YES;
				IPHONEOS_DEPLOYMENT_TARGET = 17.0;
				LOCALIZATION_PREFERS_STRING_CATALOGS = YES;
				MTL_ENABLE_DEBUG_INFO = NO;
				MTL_FAST_MATH = YES;
				SDKROOT = iphoneos;
				SWIFT_COMPILATION_MODE = wholemodule;
				VALIDATE_PRODUCT = YES;
			};
			name = Release;
		};
		7A1D2A2A2BAB3A5E00E4F9A9 /* Debug */ = {
			isa = XCBuildConfiguration;
			buildSettings = {
				ASSETCATALOG_COMPILER_APPICON_NAME = AppIcon;
				ASSETCATALOG_COMPILER_GLOBAL_ACCENT_COLOR_NAME = AccentColor;
				CODE_SIGN_STYLE = Automatic;
				CURRENT_PROJECT_VERSION = 1;
				DEVELOPMENT_ASSET_PATHS = "\"MaternityWellnessUI/Preview Content\"";
				ENABLE_PREVIEWS = YES;
				GENERATE_INFOPLIST_FILE = YES;
				INFOPLIST_KEY_UIApplicationSceneManifest_Generation = YES;
				INFOPLIST_KEY_UIApplicationSupportsIndirectInputEvents = YES;
				INFOPLIST_KEY_UILaunchScreen_Generation = YES;
				INFOPLIST_KEY_UISupportedInterfaceOrientations_iPad = "UIInterfaceOrientationPortrait UIInterfaceOrientationPortraitUpsideDown UIInterfaceOrientationLandscapeLeft UIInterfaceOrientationLandscapeRight";
				INFOPLIST_KEY_UISupportedInterfaceOrientations_iPhone = "UIInterfaceOrientationPortrait UIInterfaceOrientationLandscapeLeft UIInterfaceOrientationLandscapeRight";
				LD_RUNPATH_SEARCH_PATHS = (
					"$(inherited)",
					"@executable_path/Frameworks",
				);
				MARKETING_VERSION = 1.0;
				PRODUCT_BUNDLE_IDENTIFIER = com.example.MaternityWellnessUI;
				PRODUCT_NAME = "$(TARGET_NAME)";
				SWIFT_EMIT_LOC_STRINGS = YES;
				SWIFT_VERSION = 5.0;
				TARGETED_DEVICE_FAMILY = "1,2";
			};
			name = Debug;
		};
		7A1D2A2B2BAB3A5E00E4F9A9 /* Release */ = {
			isa = XCBuildConfiguration;
			buildSettings = {
				ASSETCATALOG_COMPILER_APPICON_NAME = AppIcon;
				ASSETCATALOG_COMPILER_GLOBAL_ACCENT_COLOR_NAME = AccentColor;
				CODE_SIGN_STYLE = Automatic;
				CURRENT_PROJECT_VERSION = 1;
				DEVELOPMENT_ASSET_PATHS = "\"MaternityWellnessUI/Preview Content\"";
				ENABLE_PREVIEWS = YES;
				GENERATE_INFOPLIST_FILE = YES;
				INFOPLIST_KEY_UIApplicationSceneManifest_Generation = YES;
				INFOPLIST_KEY_UIApplicationSupportsIndirectInputEvents = YES;
				INFOPLIST_KEY_UILaunchScreen_Generation = YES;
				INFOPLIST_KEY_UISupportedInterfaceOrientations_iPad = "UIInterfaceOrientationPortrait UIInterfaceOrientationPortraitUpsideDown UIInterfaceOrientationLandscapeLeft UIInterfaceOrientationLandscapeRight";
				INFOPLIST_KEY_UISupportedInterfaceOrientations_iPhone = "UIInterfaceOrientationPortrait UIInterfaceOrientationLandscapeLeft UIInterfaceOrientationLandscapeRight";
				LD_RUNPATH_SEARCH_PATHS = (
					"$(inherited)",
					"@executable_path/Frameworks",
				);
				MARKETING_VERSION = 1.0;
				PRODUCT_BUNDLE_IDENTIFIER = com.example.MaternityWellnessUI;
				PRODUCT_NAME = "$(TARGET_NAME)";
				SWIFT_EMIT_LOC_STRINGS = YES;
				SWIFT_VERSION = 5.0;
				TARGETED_DEVICE_FAMILY = "1,2";
			};
			name = Release;
		};
/* End XCBuildConfiguration section */

/* Begin XCConfigurationList section */
		7A1D2A162BAB3A5C00E4F9A9 /* Build configuration list for PBXProject "MaternityWellnessUI" */ = {
			isa = XCConfigurationList;
			buildConfigurations = (
				7A1D2A272BAB3A5E00E4F9A9 /* Debug */,
				7A1D2A282BAB3A5E00E4F9A9 /* Release */,
			);
			defaultConfigurationIsVisible = 0;
			defaultConfigurationName = Release;
		};
		7A1D2A292BAB3A5E00E4F9A9 /* Build configuration list for PBXNativeTarget "MaternityWellnessUI" */ = {
			isa = XCConfigurationList;
			buildConfigurations = (
				7A1D2A2A2BAB3A5E00E4F9A9 /* Debug */,
				7A1D2A2B2BAB3A5E00E4F9A9 /* Release */,
			);
			defaultConfigurationIsVisible = 0;
			defaultConfigurationName = Release;
		};
/* End XCConfigurationList section */
	};
	rootObject = 7A1D2A132BAB3A5C00E4F9A9 /* Project object */;
}
